
Microsoft Visual Studio Solution File, Format Version 12.00
# Visual Studio Version 17
VisualStudioVersion = 17.13.35828.75 d17.13
MinimumVisualStudioVersion = 10.0.40219.1
Project("{FAE04EC0-301F-11D3-BF4B-00C04F79EFBC}") = "Pigs", "Pigs\Pigs.csproj", "{6042603B-E42B-42A4-8453-A2DBF787A648}"
EndProject
Global
	GlobalSection(SolutionConfigurationPlatforms) = preSolution
		Debug|Any CPU = Debug|Any CPU
		Release|Any CPU = Release|Any CPU
	EndGlobalSection
	GlobalSection(ProjectConfigurationPlatforms) = postSolution
		{6042603B-E42B-42A4-8453-A2DBF787A648}.Debug|Any CPU.ActiveCfg = Debug|Any CPU
		{6042603B-E42B-42A4-8453-A2DBF787A648}.Debug|Any CPU.Build.0 = Debug|Any CPU
		{6042603B-E42B-42A4-8453-A2DBF787A648}.Release|Any CPU.ActiveCfg = Release|Any CPU
		{6042603B-E42B-42A4-8453-A2DBF787A648}.Release|Any CPU.Build.0 = Release|Any CPU
	EndGlobalSection
	GlobalSection(SolutionProperties) = preSolution
		HideSolutionNode = FALSE
	EndGlobalSection
	GlobalSection(ExtensibilityGlobals) = postSolution
		SolutionGuid = {B25FBC7C-075B-45E0-AFE6-3B4A147D202D}
	EndGlobalSection
EndGlobal
